
Microsoft Visual Studio Solution File, Format Version 12.00
# Visual Studio Version 17
VisualStudioVersion = 17.13.35931.197 d17.13
MinimumVisualStudioVersion = 10.0.40219.1
Project("{FAE04EC0-301F-11D3-BF4B-00C04F79EFBC}") = "Combattimento WoW con classi ed eccezioni oop eccezioni", "Combattimento WoW con classi ed eccezioni oop eccezioni\Combattimento WoW con classi ed eccezioni oop eccezioni.csproj", "{DAC6D0D1-8AD7-458F-97EC-E59B7E5447BC}"
EndProject
Global
	GlobalSection(SolutionConfigurationPlatforms) = preSolution
		Debug|Any CPU = Debug|Any CPU
		Release|Any CPU = Release|Any CPU
	EndGlobalSection
	GlobalSection(ProjectConfigurationPlatforms) = postSolution
		{DAC6D0D1-8AD7-458F-97EC-E59B7E5447BC}.Debug|Any CPU.ActiveCfg = Debug|Any CPU
		{DAC6D0D1-8AD7-458F-97EC-E59B7E5447BC}.Debug|Any CPU.Build.0 = Debug|Any CPU
		{DAC6D0D1-8AD7-458F-97EC-E59B7E5447BC}.Release|Any CPU.ActiveCfg = Release|Any CPU
		{DAC6D0D1-8AD7-458F-97EC-E59B7E5447BC}.Release|Any CPU.Build.0 = Release|Any CPU
	EndGlobalSection
	GlobalSection(SolutionProperties) = preSolution
		HideSolutionNode = FALSE
	EndGlobalSection
	GlobalSection(ExtensibilityGlobals) = postSolution
		SolutionGuid = {1318FC0F-08C2-4280-94B7-54F1A3D83B4D}
	EndGlobalSection
EndGlobal
